---
lockfileVersion: 1
lockfileVendor: redhat
arches:
  - arch: s390x
    packages:
      - url: https://cdn-ubi.redhat.com/content/public/ubi/dist/ubi8/8/s390x/appstream/os/Packages/c/clang-18.1.8-1.module+el8.10.0+22061+3612b2ba.s390x.rpm
        repoid: ubi-8-for-s390x-appstream-rpms
        size: 86176
        checksum: sha256:2d039bbdb19f5b3163171f7c9a8a9b4de0269736583378d04ade0b1a913cef87
        name: clang
        evr: 18.1.8-1.module+el8.10.0+22061+3612b2ba
        sourcerpm: clang-18.1.8-1.module+el8.10.0+22061+3612b2ba.src.rpm
      - url: https://cdn-ubi.redhat.com/content/public/ubi/dist/ubi8/8/s390x/appstream/os/Packages/c/clang-libs-18.1.8-1.module+el8.10.0+22061+3612b2ba.s390x.rpm
        repoid: ubi-8-for-s390x-appstream-rpms
        size: 26098108
        checksum: sha256:85ecfbd10737342505682f286e7e911d051857ca33a6314ee53638823700851e
        name: clang-libs
        evr: 18.1.8-1.module+el8.10.0+22061+3612b2ba
        sourcerpm: clang-18.1.8-1.module+el8.10.0+22061+3612b2ba.src.rpm
      - url: https://cdn-ubi.redhat.com/content/public/ubi/dist/ubi8/8/s390x/appstream/os/Packages/c/clang-resource-filesystem-18.1.8-1.module+el8.10.0+22061+3612b2ba.noarch.rpm
        repoid: ubi-8-for-s390x-appstream-rpms
        size: 16596
        checksum: sha256:b1efe65fa87ba753849063e94c744aed8e4fe645b2a1652e5c6adf9601688d1c
        name: clang-resource-filesystem
        evr: 18.1.8-1.module+el8.10.0+22061+3612b2ba
        sourcerpm: clang-18.1.8-1.module+el8.10.0+22061+3612b2ba.src.rpm
      - url: https://cdn-ubi.redhat.com/content/public/ubi/dist/ubi8/8/s390x/appstream/os/Packages/c/cmake-3.26.5-2.el8.s390x.rpm
        repoid: ubi-8-for-s390x-appstream-rpms
        size: 12463484
        checksum: sha256:a6b91465d006f6a85ab5c24b51375a4f64946e92bd94535a5436366afad2f967
        name: cmake
        evr: 3.26.5-2.el8
        sourcerpm: cmake-3.26.5-2.el8.src.rpm
      - url: https://cdn-ubi.redhat.com/content/public/ubi/dist/ubi8/8/s390x/appstream/os/Packages/c/cmake-data-3.26.5-2.el8.noarch.rpm
        repoid: ubi-8-for-s390x-appstream-rpms
        size: 1996464
        checksum: sha256:c62da3f90f9f40b3511419ffdc7db46b210d6c8eb1570be788cd5d3aa7061cad
        name: cmake-data
        evr: 3.26.5-2.el8
        sourcerpm: cmake-3.26.5-2.el8.src.rpm
      - url: https://cdn-ubi.redhat.com/content/public/ubi/dist/ubi8/8/s390x/appstream/os/Packages/c/cmake-rpm-macros-3.26.5-2.el8.noarch.rpm
        repoid: ubi-8-for-s390x-appstream-rpms
        size: 45164
        checksum: sha256:2a91c1cf84fefb94dbc444edd37a5c9649544a2707db1e727244b60e9a8e3d61
        name: cmake-rpm-macros
        evr: 3.26.5-2.el8
        sourcerpm: cmake-3.26.5-2.el8.src.rpm
      - url: https://cdn-ubi.redhat.com/content/public/ubi/dist/ubi8/8/s390x/appstream/os/Packages/c/compiler-rt-18.1.8-1.module+el8.10.0+22061+3612b2ba.s390x.rpm
        repoid: ubi-8-for-s390x-appstream-rpms
        size: 2461548
        checksum: sha256:60482005f56e240ddffdfcc4392d0bd29163da4bf8b8ef57102ada692ae4309f
        name: compiler-rt
        evr: 18.1.8-1.module+el8.10.0+22061+3612b2ba
        sourcerpm: compiler-rt-18.1.8-1.module+el8.10.0+22061+3612b2ba.src.rpm
      - url: https://cdn-ubi.redhat.com/content/public/ubi/dist/ubi8/8/s390x/appstream/os/Packages/g/gcc-toolset-13-binutils-2.40-21.el8.s390x.rpm
        repoid: ubi-8-for-s390x-appstream-rpms
        size: 7677760
        checksum: sha256:a0cc328c4f4f5635b5dbad60420013c1562f7fb883a666b439503d7217f35823
        name: gcc-toolset-13-binutils
        evr: 2.40-21.el8
        sourcerpm: gcc-toolset-13-binutils-2.40-21.el8.src.rpm
      - url: https://cdn-ubi.redhat.com/content/public/ubi/dist/ubi8/8/s390x/appstream/os/Packages/g/gcc-toolset-13-binutils-gold-2.40-21.el8.s390x.rpm
        repoid: ubi-8-for-s390x-appstream-rpms
        size: 1173396
        checksum: sha256:c42ab00bebe643ef8c7759651283d4e0aefa417d31b6b7177aa648c85f02b8eb
        name: gcc-toolset-13-binutils-gold
        evr: 2.40-21.el8
        sourcerpm: gcc-toolset-13-binutils-2.40-21.el8.src.rpm
      - url: https://cdn-ubi.redhat.com/content/public/ubi/dist/ubi8/8/s390x/appstream/os/Packages/g/gcc-toolset-13-gcc-13.3.1-2.2.el8_10.s390x.rpm
        repoid: ubi-8-for-s390x-appstream-rpms
        size: 38338860
        checksum: sha256:b72c6ad6b973835d8bd0866fe9ed0e068d2d74e678b5429183473d3c7ea69456
        name: gcc-toolset-13-gcc
        evr: 13.3.1-2.2.el8_10
        sourcerpm: gcc-toolset-13-gcc-13.3.1-2.2.el8_10.src.rpm
      - url: https://cdn-ubi.redhat.com/content/public/ubi/dist/ubi8/8/s390x/appstream/os/Packages/g/gcc-toolset-13-gcc-c++-13.3.1-2.2.el8_10.s390x.rpm
        repoid: ubi-8-for-s390x-appstream-rpms
        size: 12104956
        checksum: sha256:15da20f1369fa95cef206db137fdfb7f25041df7b9d38acff6df9bc9311f699b
        name: gcc-toolset-13-gcc-c++
        evr: 13.3.1-2.2.el8_10
        sourcerpm: gcc-toolset-13-gcc-13.3.1-2.2.el8_10.src.rpm
      - url: https://cdn-ubi.redhat.com/content/public/ubi/dist/ubi8/8/s390x/appstream/os/Packages/g/gcc-toolset-13-libstdc++-devel-13.3.1-2.2.el8_10.s390x.rpm
        repoid: ubi-8-for-s390x-appstream-rpms
        size: 3982056
        checksum: sha256:85a7cadaad6fdb03575f201f8a51de9c509556467c4c5a3b08d7ecfefa309bb5
        name: gcc-toolset-13-libstdc++-devel
        evr: 13.3.1-2.2.el8_10
        sourcerpm: gcc-toolset-13-gcc-13.3.1-2.2.el8_10.src.rpm
      - url: https://cdn-ubi.redhat.com/content/public/ubi/dist/ubi8/8/s390x/appstream/os/Packages/g/gcc-toolset-13-runtime-13.0-2.el8.s390x.rpm
        repoid: ubi-8-for-s390x-appstream-rpms
        size: 28936
        checksum: sha256:ece590a9c7e2056ad69945e1af45f70db9d51693f4cbd3e40c03a6ec059c069f
        name: gcc-toolset-13-runtime
        evr: 13.0-2.el8
        sourcerpm: gcc-toolset-13-13.0-2.el8.src.rpm
      - url: https://cdn-ubi.redhat.com/content/public/ubi/dist/ubi8/8/s390x/appstream/os/Packages/l/libomp-18.1.8-1.module+el8.10.0+22061+3612b2ba.s390x.rpm
        repoid: ubi-8-for-s390x-appstream-rpms
        size: 452592
        checksum: sha256:439e1acef6f943a940838d1c3ea437d603375245efe2e579387217aff58db4f5
        name: libomp
        evr: 18.1.8-1.module+el8.10.0+22061+3612b2ba
        sourcerpm: libomp-18.1.8-1.module+el8.10.0+22061+3612b2ba.src.rpm
      - url: https://cdn-ubi.redhat.com/content/public/ubi/dist/ubi8/8/s390x/appstream/os/Packages/l/libomp-devel-18.1.8-1.module+el8.10.0+22061+3612b2ba.s390x.rpm
        repoid: ubi-8-for-s390x-appstream-rpms
        size: 552080
        checksum: sha256:eef25c8acee1de1f5600156d35ea4f64ccc5d6d40395517be1050e519e5743e4
        name: libomp-devel
        evr: 18.1.8-1.module+el8.10.0+22061+3612b2ba
        sourcerpm: libomp-18.1.8-1.module+el8.10.0+22061+3612b2ba.src.rpm
      - url: https://cdn-ubi.redhat.com/content/public/ubi/dist/ubi8/8/s390x/appstream/os/Packages/l/libuv-1.41.1-2.el8_10.s390x.rpm
        repoid: ubi-8-for-s390x-appstream-rpms
        size: 154160
        checksum: sha256:c3d6bf3436b4f0d534ec87d8c7af4ba9048810f9c3bde20599cd1cfb59571fe3
        name: libuv
        evr: 1:1.41.1-2.el8_10
        sourcerpm: libuv-1.41.1-2.el8_10.src.rpm
      - url: https://cdn-ubi.redhat.com/content/public/ubi/dist/ubi8/8/s390x/appstream/os/Packages/l/llvm-libs-18.1.8-3.module+el8.10.0+22393+9aa055f1.s390x.rpm
        repoid: ubi-8-for-s390x-appstream-rpms
        size: 29313324
        checksum: sha256:424de2e7c130492254d710d9fdcd3ded1df40273f1adbf755c33d7eb1328f614
        name: llvm-libs
        evr: 18.1.8-3.module+el8.10.0+22393+9aa055f1
        sourcerpm: llvm-18.1.8-3.module+el8.10.0+22393+9aa055f1.src.rpm
      - url: https://cdn-ubi.redhat.com/content/public/ubi/dist/ubi8/8/s390x/appstream/os/Packages/v/vim-filesystem-8.0.1763-19.el8_6.4.noarch.rpm
        repoid: ubi-8-for-s390x-appstream-rpms
        size: 51660
        checksum: sha256:9507b5f76eba9e4cf0e08d736c9093144a9040f649e974dcc79043e9c1e937b4
        name: vim-filesystem
        evr: 2:8.0.1763-19.el8_6.4
        sourcerpm: vim-8.0.1763-19.el8_6.4.src.rpm
      - url: https://cdn-ubi.redhat.com/content/public/ubi/dist/ubi8/8/s390x/baseos/os/Packages/c/checkpolicy-2.9-1.el8.s390x.rpm
        repoid: ubi-8-for-s390x-baseos-rpms
        size: 328776
        checksum: sha256:3ef66f9831664434eb956122c731d4af82e9e8df2986e15f78eeaed0bfe41445
        name: checkpolicy
        evr: 2.9-1.el8
        sourcerpm: checkpolicy-2.9-1.el8.src.rpm
      - url: https://cdn-ubi.redhat.com/content/public/ubi/dist/ubi8/8/s390x/baseos/os/Packages/e/elfutils-debuginfod-client-0.190-2.el8.s390x.rpm
        repoid: ubi-8-for-s390x-baseos-rpms
        size: 76952
        checksum: sha256:c16c63c4e57a266204ea59fd014f4943a75dc99c256959de5bafa629eb5a60c0
        name: elfutils-debuginfod-client
        evr: 0.190-2.el8
        sourcerpm: elfutils-0.190-2.el8.src.rpm
      - url: https://cdn-ubi.redhat.com/content/public/ubi/dist/ubi8/8/s390x/baseos/os/Packages/j/jansson-2.14-1.el8.s390x.rpm
        repoid: ubi-8-for-s390x-baseos-rpms
        size: 46560
        checksum: sha256:2fcefb5065b07006f745af625c46065558508dee77f6c2eb80b15f57eece8253
        name: jansson
        evr: 2.14-1.el8
        sourcerpm: jansson-2.14-1.el8.src.rpm
      - url: https://cdn-ubi.redhat.com/content/public/ubi/dist/ubi8/8/s390x/baseos/os/Packages/l/libselinux-utils-2.9-10.el8_10.s390x.rpm
        repoid: ubi-8-for-s390x-baseos-rpms
        size: 246812
        checksum: sha256:9044deae5703ee638e39a4687e03c32a9aa1ac20d3659a3de06b178fa415f236
        name: libselinux-utils
        evr: 2.9-10.el8_10
        sourcerpm: libselinux-2.9-10.el8_10.src.rpm
      - url: https://cdn-ubi.redhat.com/content/public/ubi/dist/ubi8/8/s390x/baseos/os/Packages/p/policycoreutils-2.9-26.el8_10.s390x.rpm
        repoid: ubi-8-for-s390x-baseos-rpms
        size: 383400
        checksum: sha256:acf1d08e335ce1cc8bcc55462031822c236d734209c228d965eb4a330fa2d5d0
        name: policycoreutils
        evr: 2.9-26.el8_10
        sourcerpm: policycoreutils-2.9-26.el8_10.src.rpm
      - url: https://cdn-ubi.redhat.com/content/public/ubi/dist/ubi8/8/s390x/baseos/os/Packages/p/policycoreutils-python-utils-2.9-26.el8_10.noarch.rpm
        repoid: ubi-8-for-s390x-baseos-rpms
        size: 260136
        checksum: sha256:e3df32bac578e129afabf19d6e4317baeabd33aa2d682cf4bd14ca8f7d21cd9b
        name: policycoreutils-python-utils
        evr: 2.9-26.el8_10
        sourcerpm: policycoreutils-2.9-26.el8_10.src.rpm
      - url: https://cdn-ubi.redhat.com/content/public/ubi/dist/ubi8/8/s390x/baseos/os/Packages/p/python3-audit-3.1.2-1.el8.s390x.rpm
        repoid: ubi-8-for-s390x-baseos-rpms
        size: 86368
        checksum: sha256:921da6a945a84380bdcb72baae5143289078f64d01c19ab390f0096f44f0c37e
        name: python3-audit
        evr: 3.1.2-1.el8
        sourcerpm: audit-3.1.2-1.el8.src.rpm
      - url: https://cdn-ubi.redhat.com/content/public/ubi/dist/ubi8/8/s390x/baseos/os/Packages/p/python3-libselinux-2.9-10.el8_10.s390x.rpm
        repoid: ubi-8-for-s390x-baseos-rpms
        size: 278388
        checksum: sha256:acb04e552d22d852b0ba430a0433662c34fbb33366096ccc7dc2029e0f1e5fad
        name: python3-libselinux
        evr: 2.9-10.el8_10
        sourcerpm: libselinux-2.9-10.el8_10.src.rpm
      - url: https://cdn-ubi.redhat.com/content/public/ubi/dist/ubi8/8/s390x/baseos/os/Packages/p/python3-libsemanage-2.9-11.el8_10.s390x.rpm
        repoid: ubi-8-for-s390x-baseos-rpms
        size: 128460
        checksum: sha256:76707512ff41562618cbc0a8bb750dc6d074c04e0b798e59c43fe58edede9181
        name: python3-libsemanage
        evr: 2.9-11.el8_10
        sourcerpm: libsemanage-2.9-11.el8_10.src.rpm
      - url: https://cdn-ubi.redhat.com/content/public/ubi/dist/ubi8/8/s390x/baseos/os/Packages/p/python3-policycoreutils-2.9-26.el8_10.noarch.rpm
        repoid: ubi-8-for-s390x-baseos-rpms
        size: 2361536
        checksum: sha256:74830604bec576ec360884a34ffafd4ca9d950f41177e1ae78a9c1445dbc9069
        name: python3-policycoreutils
        evr: 2.9-26.el8_10
        sourcerpm: policycoreutils-2.9-26.el8_10.src.rpm
      - url: https://cdn-ubi.redhat.com/content/public/ubi/dist/ubi8/8/s390x/baseos/os/Packages/p/python3-setools-4.3.0-5.el8.s390x.rpm
        repoid: ubi-8-for-s390x-baseos-rpms
        size: 576396
        checksum: sha256:6c1e957f988343caebec09c45a2a21b4709a2fe6673df52ac1f144d92b583b1b
        name: python3-setools
        evr: 4.3.0-5.el8
        sourcerpm: setools-4.3.0-5.el8.src.rpm
      - url: https://cdn-ubi.redhat.com/content/public/ubi/dist/ubi8/8/s390x/appstream/os/Packages/w/wget-1.19.5-12.el8_10.s390x.rpm
        repoid: ubi-8-for-s390x-appstream-rpms
        size: 747496
        checksum: sha256:c7ad0738298e2309c23c6fb87ce2a9c7aa61f855ce5fdabc05c1b1a95cb6be81
        name: wget
        evr: 1.19.5-12.el8_10
        sourcerpm: wget-1.19.5-12.el8_10.src.rpm
      - url: https://cdn-ubi.redhat.com/content/public/ubi/dist/ubi8/8/s390x/baseos/os/Packages/e/expat-2.2.5-17.el8_10.s390x.rpm
        repoid: ubi-8-for-s390x-baseos-rpms
        size: 112836
        checksum: sha256:14984a7a7991b4c31d71c853e6390386bed64d70b00616e1c3f8761d271b9663
        name: expat
        evr: 2.2.5-17.el8_10
        sourcerpm: expat-2.2.5-17.el8_10.src.rpm
      - url: https://cdn-ubi.redhat.com/content/public/ubi/dist/ubi8/8/s390x/baseos/os/Packages/l/libmetalink-0.1.3-7.el8.s390x.rpm
        repoid: ubi-8-for-s390x-baseos-rpms
        size: 32056
        checksum: sha256:65bef4240948e0b9400b0d50c37420511ef2dbd0c0130bdb4413c3e60d60f2f1
        name: libmetalink
        evr: 0.1.3-7.el8
        sourcerpm: libmetalink-0.1.3-7.el8.src.rpm
    source:
      - url: https://cdn-ubi.redhat.com/content/public/ubi/dist/ubi8/8/s390x/appstream/source/SRPMS/Packages/c/clang-18.1.8-1.module+el8.10.0+22061+3612b2ba.src.rpm
        repoid: ubi-8-for-s390x-appstream-source
        size: 25543057
        checksum: sha256:6ac35cdec541fed15313671f0efe15177c8adc41324f2fb68b21064249d17fd4
        name: clang
        evr: 18.1.8-1.module+el8.10.0+22061+3612b2ba
      - url: https://cdn-ubi.redhat.com/content/public/ubi/dist/ubi8/8/s390x/appstream/source/SRPMS/Packages/c/cmake-3.26.5-2.el8.src.rpm
        repoid: ubi-8-for-s390x-appstream-source
        size: 10702209
        checksum: sha256:1f9724337fffb716f890cd5b92d7694c11a98264c8812c02df8224543a819431
        name: cmake
        evr: 3.26.5-2.el8
      - url: https://cdn-ubi.redhat.com/content/public/ubi/dist/ubi8/8/s390x/appstream/source/SRPMS/Packages/c/compiler-rt-18.1.8-1.module+el8.10.0+22061+3612b2ba.src.rpm
        repoid: ubi-8-for-s390x-appstream-source
        size: 2495515
        checksum: sha256:c88e0f7d67d8f22c4c4011dbadfaae343efe27738285aa85837db21afee8fb28
        name: compiler-rt
        evr: 18.1.8-1.module+el8.10.0+22061+3612b2ba
      - url: https://cdn-ubi.redhat.com/content/public/ubi/dist/ubi8/8/s390x/appstream/source/SRPMS/Packages/g/gcc-toolset-13-13.0-2.el8.src.rpm
        repoid: ubi-8-for-s390x-appstream-source
        size: 14077
        checksum: sha256:0ba9089eacae7ed2797bee95d62a847de76289958b302bd2f2ee45f25003dff8
        name: gcc-toolset-13
        evr: 13.0-2.el8
      - url: https://cdn-ubi.redhat.com/content/public/ubi/dist/ubi8/8/s390x/appstream/source/SRPMS/Packages/g/gcc-toolset-13-binutils-2.40-21.el8.src.rpm
        repoid: ubi-8-for-s390x-appstream-source
        size: 25441816
        checksum: sha256:6d4f6ee38973956098e893efa0bb09a0615938507ac502ace05d3f428371c629
        name: gcc-toolset-13-binutils
        evr: 2.40-21.el8
      - url: https://cdn-ubi.redhat.com/content/public/ubi/dist/ubi8/8/s390x/appstream/source/SRPMS/Packages/g/gcc-toolset-13-gcc-13.3.1-2.2.el8_10.src.rpm
        repoid: ubi-8-for-s390x-appstream-source
        size: 89347231
        checksum: sha256:0ca3c5e7fba19ba073619994bad0991ecae5443d4a61e8f87b8cae88f39d1f6f
        name: gcc-toolset-13-gcc
        evr: 13.3.1-2.2.el8_10
      - url: https://cdn-ubi.redhat.com/content/public/ubi/dist/ubi8/8/s390x/appstream/source/SRPMS/Packages/l/libomp-18.1.8-1.module+el8.10.0+22061+3612b2ba.src.rpm
        repoid: ubi-8-for-s390x-appstream-source
        size: 1341475
        checksum: sha256:c638152e9918b8a9ac1b0ef679955673e02d1d24e3b729d15bcedbb47695c373
        name: libomp
        evr: 18.1.8-1.module+el8.10.0+22061+3612b2ba
      - url: https://cdn-ubi.redhat.com/content/public/ubi/dist/ubi8/8/s390x/appstream/source/SRPMS/Packages/l/libuv-1.41.1-2.el8_10.src.rpm
        repoid: ubi-8-for-s390x-appstream-source
        size: 1297972
        checksum: sha256:3a0fd230d7b81712aeec5bf8adf83915f0edf88e03087fde13557bd7fdb4c0bb
        name: libuv
        evr: 1:1.41.1-2.el8_10
      - url: https://cdn-ubi.redhat.com/content/public/ubi/dist/ubi8/8/s390x/appstream/source/SRPMS/Packages/l/llvm-18.1.8-3.module+el8.10.0+22393+9aa055f1.src.rpm
        repoid: ubi-8-for-s390x-appstream-source
        size: 62461419
        checksum: sha256:5c8b01298a6b36cfc086ce53f73ff61dc67bf7508a67fb01cb366aeac36df193
        name: llvm
        evr: 18.1.8-3.module+el8.10.0+22393+9aa055f1
      - url: https://cdn-ubi.redhat.com/content/public/ubi/dist/ubi8/8/s390x/baseos/source/SRPMS/Packages/a/audit-3.1.2-1.el8.src.rpm
        repoid: ubi-8-for-s390x-baseos-source
        size: 1248664
        checksum: sha256:c1facd2ecc520c758bbe2b049207629ad08914798f63c92beef4790086ad2f29
        name: audit
        evr: 3.1.2-1.el8
      - url: https://cdn-ubi.redhat.com/content/public/ubi/dist/ubi8/8/s390x/baseos/source/SRPMS/Packages/c/checkpolicy-2.9-1.el8.src.rpm
        repoid: ubi-8-for-s390x-baseos-source
        size: 114188
        checksum: sha256:f6590dcd337c42e093ec60065239fb8543f7b5b1273a8b8a888eb7c052dccec8
        name: checkpolicy
        evr: 2.9-1.el8
      - url: https://cdn-ubi.redhat.com/content/public/ubi/dist/ubi8/8/s390x/baseos/source/SRPMS/Packages/e/elfutils-0.190-2.el8.src.rpm
        repoid: ubi-8-for-s390x-baseos-source
        size: 9288737
        checksum: sha256:54fe49a6fd4f87d6fd594b62c465105fc3efab05a1ffcc216f053c277ab619bf
        name: elfutils
        evr: 0.190-2.el8
      - url: https://cdn-ubi.redhat.com/content/public/ubi/dist/ubi8/8/s390x/baseos/source/SRPMS/Packages/j/jansson-2.14-1.el8.src.rpm
        repoid: ubi-8-for-s390x-baseos-source
        size: 449524
        checksum: sha256:a3b39b7d95da87f4c9fdca3907eff2e9fed18dd1bc7f20608f3588e8b3c1361c
        name: jansson
        evr: 2.14-1.el8
      - url: https://cdn-ubi.redhat.com/content/public/ubi/dist/ubi8/8/s390x/baseos/source/SRPMS/Packages/l/libselinux-2.9-10.el8_10.src.rpm
        repoid: ubi-8-for-s390x-baseos-source
        size: 355220
        checksum: sha256:2f61feb51798629d4f7b78130e68eb2516463da41d6e7b64d82d28d17355b3f1
        name: libselinux
        evr: 2.9-10.el8_10
      - url: https://cdn-ubi.redhat.com/content/public/ubi/dist/ubi8/8/s390x/baseos/source/SRPMS/Packages/l/libsemanage-2.9-11.el8_10.src.rpm
        repoid: ubi-8-for-s390x-baseos-source
        size: 267435
        checksum: sha256:0e9bc0dd2ddcf5e8e8f734b32c7a3c93165060ef5b2f5910713984cea71e349f
        name: libsemanage
        evr: 2.9-11.el8_10
      - url: https://cdn-ubi.redhat.com/content/public/ubi/dist/ubi8/8/s390x/baseos/source/SRPMS/Packages/p/policycoreutils-2.9-26.el8_10.src.rpm
        repoid: ubi-8-for-s390x-baseos-source
        size: 7122315
        checksum: sha256:c3fa01ec896e6e30d1a27244a0c0dfab3ea733cfc2c519698899cf1c0dfda03f
        name: policycoreutils
        evr: 2.9-26.el8_10
      - url: https://cdn-ubi.redhat.com/content/public/ubi/dist/ubi8/8/s390x/baseos/source/SRPMS/Packages/s/setools-4.3.0-5.el8.src.rpm
        repoid: ubi-8-for-s390x-baseos-source
        size: 417737
        checksum: sha256:ab4e72390988948d173c545803099aa670f5fea2142866fc8f468812bfaefc4d
        name: setools
        evr: 4.3.0-5.el8
      - url: https://cdn-ubi.redhat.com/content/public/ubi/dist/ubi8/8/s390x/baseos/source/SRPMS/Packages/v/vim-8.0.1763-19.el8_6.4.src.rpm
        repoid: ubi-8-for-s390x-baseos-source
        size: 11232387
        checksum: sha256:9b1393d7b47fb12bb6761d30372c9a156e5df67f0178f4aedd61375043c63ff1
        name: vim
        evr: 2:8.0.1763-19.el8_6.4
      - url: https://cdn-ubi.redhat.com/content/public/ubi/dist/ubi8/8/s390x/appstream/source/SRPMS/Packages/w/wget-1.19.5-12.el8_10.src.rpm
        repoid: ubi-8-for-s390x-appstream-source
        size: 4509413
        checksum: sha256:b3c6e7b600190a3ce40ed32e0e07be91c7bc4b0f2aa32b04f341fc7dbd0588ed
        name: wget
        evr: 1.19.5-12.el8_10
      - url: https://cdn-ubi.redhat.com/content/public/ubi/dist/ubi8/8/s390x/baseos/source/SRPMS/Packages/e/expat-2.2.5-17.el8_10.src.rpm
        repoid: ubi-8-for-s390x-baseos-source
        size: 8345318
        checksum: sha256:41de03fcbf3a8f7fa42e7017058ae0186e98a0e448ce01772de7af0a856a749d
        name: expat
        evr: 2.2.5-17.el8_10
      - url: https://cdn-ubi.redhat.com/content/public/ubi/dist/ubi8/8/s390x/baseos/source/SRPMS/Packages/l/libmetalink-0.1.3-7.el8.src.rpm
        repoid: ubi-8-for-s390x-baseos-source
        size: 341114
        checksum: sha256:0b7d6621be7e6d0ef0c16cb2dc371d59aa593264841c43fba55826103972852d
        name: libmetalink
        evr: 0.1.3-7.el8
    module_metadata:
      - url: https://cdn-ubi.redhat.com/content/public/ubi/dist/ubi8/8/s390x/appstream/os/repodata/0cffc352c4d9357a656737033232de53c038c003b5605c6d76184a7627175a29-modules.yaml.gz
        repoid: ubi-8-for-s390x-appstream-rpms
        size: 55940
        checksum: sha256:0cffc352c4d9357a656737033232de53c038c003b5605c6d76184a7627175a29
  - arch: x86_64
    packages:
      - url: https://cdn-ubi.redhat.com/content/public/ubi/dist/ubi8/8/x86_64/appstream/os/Packages/c/clang-18.1.8-1.module+el8.10.0+22061+3612b2ba.x86_64.rpm
        repoid: ubi-8-for-x86_64-appstream-rpms
        size: 89248
        checksum: sha256:e3d4d733730b0bf0925adf8fbf159c1ef9384aa98a49c47ad7c3adb1fd113145
        name: clang
        evr: 18.1.8-1.module+el8.10.0+22061+3612b2ba
        sourcerpm: clang-18.1.8-1.module+el8.10.0+22061+3612b2ba.src.rpm
      - url: https://cdn-ubi.redhat.com/content/public/ubi/dist/ubi8/8/x86_64/appstream/os/Packages/c/clang-libs-18.1.8-1.module+el8.10.0+22061+3612b2ba.x86_64.rpm
        repoid: ubi-8-for-x86_64-appstream-rpms
        size: 28682524
        checksum: sha256:12840ff563009144c538eb36eb7955fab0570689b886ad7f17bcbad45d8ecb27
        name: clang-libs
        evr: 18.1.8-1.module+el8.10.0+22061+3612b2ba
        sourcerpm: clang-18.1.8-1.module+el8.10.0+22061+3612b2ba.src.rpm
      - url: https://cdn-ubi.redhat.com/content/public/ubi/dist/ubi8/8/x86_64/appstream/os/Packages/c/clang-resource-filesystem-18.1.8-1.module+el8.10.0+22061+3612b2ba.noarch.rpm
        repoid: ubi-8-for-x86_64-appstream-rpms
        size: 16596
        checksum: sha256:b1efe65fa87ba753849063e94c744aed8e4fe645b2a1652e5c6adf9601688d1c
        name: clang-resource-filesystem
        evr: 18.1.8-1.module+el8.10.0+22061+3612b2ba
        sourcerpm: clang-18.1.8-1.module+el8.10.0+22061+3612b2ba.src.rpm
      - url: https://cdn-ubi.redhat.com/content/public/ubi/dist/ubi8/8/x86_64/appstream/os/Packages/c/cmake-3.26.5-2.el8.x86_64.rpm
        repoid: ubi-8-for-x86_64-appstream-rpms
        size: 14287692
        checksum: sha256:e8bfb0581591a9e307484f038c87548f069c4016f957c1ad62da33e00ccb3dbd
        name: cmake
        evr: 3.26.5-2.el8
        sourcerpm: cmake-3.26.5-2.el8.src.rpm
      - url: https://cdn-ubi.redhat.com/content/public/ubi/dist/ubi8/8/x86_64/appstream/os/Packages/c/cmake-data-3.26.5-2.el8.noarch.rpm
        repoid: ubi-8-for-x86_64-appstream-rpms
        size: 1996464
        checksum: sha256:c62da3f90f9f40b3511419ffdc7db46b210d6c8eb1570be788cd5d3aa7061cad
        name: cmake-data
        evr: 3.26.5-2.el8
        sourcerpm: cmake-3.26.5-2.el8.src.rpm
      - url: https://cdn-ubi.redhat.com/content/public/ubi/dist/ubi8/8/x86_64/appstream/os/Packages/c/cmake-rpm-macros-3.26.5-2.el8.noarch.rpm
        repoid: ubi-8-for-x86_64-appstream-rpms
        size: 45164
        checksum: sha256:2a91c1cf84fefb94dbc444edd37a5c9649544a2707db1e727244b60e9a8e3d61
        name: cmake-rpm-macros
        evr: 3.26.5-2.el8
        sourcerpm: cmake-3.26.5-2.el8.src.rpm
      - url: https://cdn-ubi.redhat.com/content/public/ubi/dist/ubi8/8/x86_64/appstream/os/Packages/c/compiler-rt-18.1.8-1.module+el8.10.0+22061+3612b2ba.x86_64.rpm
        repoid: ubi-8-for-x86_64-appstream-rpms
        size: 3566768
        checksum: sha256:8450cbd67cab1b58043b22f7cadcba6efba973fe99cc960571531f41a3523c19
        name: compiler-rt
        evr: 18.1.8-1.module+el8.10.0+22061+3612b2ba
        sourcerpm: compiler-rt-18.1.8-1.module+el8.10.0+22061+3612b2ba.src.rpm
      - url: https://cdn-ubi.redhat.com/content/public/ubi/dist/ubi8/8/x86_64/appstream/os/Packages/g/gcc-toolset-13-binutils-2.40-21.el8.x86_64.rpm
        repoid: ubi-8-for-x86_64-appstream-rpms
        size: 7391064
        checksum: sha256:b8ff4cc2b9fe6c6c68fa088af37530ad8d8aae87152162012a660f43f4ad4236
        name: gcc-toolset-13-binutils
        evr: 2.40-21.el8
        sourcerpm: gcc-toolset-13-binutils-2.40-21.el8.src.rpm
      - url: https://cdn-ubi.redhat.com/content/public/ubi/dist/ubi8/8/x86_64/appstream/os/Packages/g/gcc-toolset-13-binutils-gold-2.40-21.el8.x86_64.rpm
        repoid: ubi-8-for-x86_64-appstream-rpms
        size: 1006840
        checksum: sha256:4d3174ef3a690585c7d75ce2170e11d29dfbb3c88516ce0c785406e9ef8c8695
        name: gcc-toolset-13-binutils-gold
        evr: 2.40-21.el8
        sourcerpm: gcc-toolset-13-binutils-2.40-21.el8.src.rpm
      - url: https://cdn-ubi.redhat.com/content/public/ubi/dist/ubi8/8/x86_64/appstream/os/Packages/g/gcc-toolset-13-gcc-13.3.1-2.2.el8_10.x86_64.rpm
        repoid: ubi-8-for-x86_64-appstream-rpms
        size: 48555856
        checksum: sha256:e9bb8e4c205cb5d672e2ccd9e919f669da231d7509eb57bec402fccb11e5d959
        name: gcc-toolset-13-gcc
        evr: 13.3.1-2.2.el8_10
        sourcerpm: gcc-toolset-13-gcc-13.3.1-2.2.el8_10.src.rpm
      - url: https://cdn-ubi.redhat.com/content/public/ubi/dist/ubi8/8/x86_64/appstream/os/Packages/g/gcc-toolset-13-gcc-c++-13.3.1-2.2.el8_10.x86_64.rpm
        repoid: ubi-8-for-x86_64-appstream-rpms
        size: 14689760
        checksum: sha256:6ecd59c614e7b13a007a3ca547c785517f7ae451963139b62ca034cdd427504f
        name: gcc-toolset-13-gcc-c++
        evr: 13.3.1-2.2.el8_10
        sourcerpm: gcc-toolset-13-gcc-13.3.1-2.2.el8_10.src.rpm
      - url: https://cdn-ubi.redhat.com/content/public/ubi/dist/ubi8/8/x86_64/appstream/os/Packages/g/gcc-toolset-13-libstdc++-devel-13.3.1-2.2.el8_10.x86_64.rpm
        repoid: ubi-8-for-x86_64-appstream-rpms
        size: 3824636
        checksum: sha256:54dd41c39c2448f012cb6f9ed2e5448b40a1d544d29631ecd432bac8643033d4
        name: gcc-toolset-13-libstdc++-devel
        evr: 13.3.1-2.2.el8_10
        sourcerpm: gcc-toolset-13-gcc-13.3.1-2.2.el8_10.src.rpm
      - url: https://cdn-ubi.redhat.com/content/public/ubi/dist/ubi8/8/x86_64/appstream/os/Packages/g/gcc-toolset-13-runtime-13.0-2.el8.x86_64.rpm
        repoid: ubi-8-for-x86_64-appstream-rpms
        size: 28940
        checksum: sha256:6466ffea737bd373af85d1642d70c066e4ebc4e0c518cc5028972665904996bd
        name: gcc-toolset-13-runtime
        evr: 13.0-2.el8
        sourcerpm: gcc-toolset-13-13.0-2.el8.src.rpm
      - url: https://cdn-ubi.redhat.com/content/public/ubi/dist/ubi8/8/x86_64/appstream/os/Packages/l/libomp-18.1.8-1.module+el8.10.0+22061+3612b2ba.x86_64.rpm
        repoid: ubi-8-for-x86_64-appstream-rpms
        size: 750212
        checksum: sha256:3630915f83bbd5a91ad143815c32c3a12e2b8960393c661054b6efff858e4df9
        name: libomp
        evr: 18.1.8-1.module+el8.10.0+22061+3612b2ba
        sourcerpm: libomp-18.1.8-1.module+el8.10.0+22061+3612b2ba.src.rpm
      - url: https://cdn-ubi.redhat.com/content/public/ubi/dist/ubi8/8/x86_64/appstream/os/Packages/l/libomp-devel-18.1.8-1.module+el8.10.0+22061+3612b2ba.x86_64.rpm
        repoid: ubi-8-for-x86_64-appstream-rpms
        size: 553248
        checksum: sha256:2dde87eb128a7339beb1cbc391e98a32929e9c756dca99e53f1adeff75e4b4e7
        name: libomp-devel
        evr: 18.1.8-1.module+el8.10.0+22061+3612b2ba
        sourcerpm: libomp-18.1.8-1.module+el8.10.0+22061+3612b2ba.src.rpm
      - url: https://cdn-ubi.redhat.com/content/public/ubi/dist/ubi8/8/x86_64/appstream/os/Packages/l/libuv-1.41.1-2.el8_10.x86_64.rpm
        repoid: ubi-8-for-x86_64-appstream-rpms
        size: 160112
        checksum: sha256:b94bcac9a187165aca7cff0d76b1a23ddce8948c9826f8b04de6ccf2e80974d5
        name: libuv
        evr: 1:1.41.1-2.el8_10
        sourcerpm: libuv-1.41.1-2.el8_10.src.rpm
      - url: https://cdn-ubi.redhat.com/content/public/ubi/dist/ubi8/8/x86_64/appstream/os/Packages/l/llvm-libs-18.1.8-3.module+el8.10.0+22393+9aa055f1.x86_64.rpm
        repoid: ubi-8-for-x86_64-appstream-rpms
        size: 31718280
        checksum: sha256:5b73f81286678c7bd1f8b6154b0a17f3dbfe8c2e5aa137ff4298a0dd644dc83e
        name: llvm-libs
        evr: 18.1.8-3.module+el8.10.0+22393+9aa055f1
        sourcerpm: llvm-18.1.8-3.module+el8.10.0+22393+9aa055f1.src.rpm
      - url: https://cdn-ubi.redhat.com/content/public/ubi/dist/ubi8/8/x86_64/appstream/os/Packages/v/vim-filesystem-8.0.1763-19.el8_6.4.noarch.rpm
        repoid: ubi-8-for-x86_64-appstream-rpms
        size: 51660
        checksum: sha256:9507b5f76eba9e4cf0e08d736c9093144a9040f649e974dcc79043e9c1e937b4
        name: vim-filesystem
        evr: 2:8.0.1763-19.el8_6.4
        sourcerpm: vim-8.0.1763-19.el8_6.4.src.rpm
      - url: https://cdn-ubi.redhat.com/content/public/ubi/dist/ubi8/8/x86_64/baseos/os/Packages/c/checkpolicy-2.9-1.el8.x86_64.rpm
        repoid: ubi-8-for-x86_64-baseos-rpms
        size: 354036
        checksum: sha256:a8808c053ffb7ccf826d80fdd458b6521f2cc63e55eb90d79a504fbb66c36cb0
        name: checkpolicy
        evr: 2.9-1.el8
        sourcerpm: checkpolicy-2.9-1.el8.src.rpm
      - url: https://cdn-ubi.redhat.com/content/public/ubi/dist/ubi8/8/x86_64/baseos/os/Packages/e/elfutils-debuginfod-client-0.190-2.el8.x86_64.rpm
        repoid: ubi-8-for-x86_64-baseos-rpms
        size: 77672
        checksum: sha256:51719dfe1f9b9bc7570beb4e47d79dec1d5307680adb2b0debd7c266604e4e8d
        name: elfutils-debuginfod-client
        evr: 0.190-2.el8
        sourcerpm: elfutils-0.190-2.el8.src.rpm
      - url: https://cdn-ubi.redhat.com/content/public/ubi/dist/ubi8/8/x86_64/baseos/os/Packages/j/jansson-2.14-1.el8.x86_64.rpm
        repoid: ubi-8-for-x86_64-baseos-rpms
        size: 48556
        checksum: sha256:07ce753de89c0f6cc82ee926100777bdd0c91cb3d3ee9315cd8d93320875e66c
        name: jansson
        evr: 2.14-1.el8
        sourcerpm: jansson-2.14-1.el8.src.rpm
      - url: https://cdn-ubi.redhat.com/content/public/ubi/dist/ubi8/8/x86_64/baseos/os/Packages/l/libselinux-utils-2.9-10.el8_10.x86_64.rpm
        repoid: ubi-8-for-x86_64-baseos-rpms
        size: 248956
        checksum: sha256:e7e832f301b1f7e0e15ef90113ac878935d2a10b6322b378bcf74eb125efb4a7
        name: libselinux-utils
        evr: 2.9-10.el8_10
        sourcerpm: libselinux-2.9-10.el8_10.src.rpm
      - url: https://cdn-ubi.redhat.com/content/public/ubi/dist/ubi8/8/x86_64/baseos/os/Packages/p/policycoreutils-2.9-26.el8_10.x86_64.rpm
        repoid: ubi-8-for-x86_64-baseos-rpms
        size: 385980
        checksum: sha256:9cea1d9d40ae47e719f74297b2f2f03a2a270bf18463db5690c089d1e7c72e2b
        name: policycoreutils
        evr: 2.9-26.el8_10
        sourcerpm: policycoreutils-2.9-26.el8_10.src.rpm
      - url: https://cdn-ubi.redhat.com/content/public/ubi/dist/ubi8/8/x86_64/baseos/os/Packages/p/policycoreutils-python-utils-2.9-26.el8_10.noarch.rpm
        repoid: ubi-8-for-x86_64-baseos-rpms
        size: 260136
        checksum: sha256:e3df32bac578e129afabf19d6e4317baeabd33aa2d682cf4bd14ca8f7d21cd9b
        name: policycoreutils-python-utils
        evr: 2.9-26.el8_10
        sourcerpm: policycoreutils-2.9-26.el8_10.src.rpm
      - url: https://cdn-ubi.redhat.com/content/public/ubi/dist/ubi8/8/x86_64/baseos/os/Packages/p/python3-audit-3.1.2-1.el8.x86_64.rpm
        repoid: ubi-8-for-x86_64-baseos-rpms
        size: 90072
        checksum: sha256:d3e9f1abf8c6b1b7cf694af628e32ada5de0762ab86fc85b8c3ddab3bceb7460
        name: python3-audit
        evr: 3.1.2-1.el8
        sourcerpm: audit-3.1.2-1.el8.src.rpm
      - url: https://cdn-ubi.redhat.com/content/public/ubi/dist/ubi8/8/x86_64/baseos/os/Packages/p/python3-libselinux-2.9-10.el8_10.x86_64.rpm
        repoid: ubi-8-for-x86_64-baseos-rpms
        size: 290460
        checksum: sha256:1c86411dae60e3d06aebcc15d4cdbd34e5e0d459c9c8bd15a9d3460fb3657a3b
        name: python3-libselinux
        evr: 2.9-10.el8_10
        sourcerpm: libselinux-2.9-10.el8_10.src.rpm
      - url: https://cdn-ubi.redhat.com/content/public/ubi/dist/ubi8/8/x86_64/baseos/os/Packages/p/python3-libsemanage-2.9-11.el8_10.x86_64.rpm
        repoid: ubi-8-for-x86_64-baseos-rpms
        size: 131668
        checksum: sha256:e6a13538cb8a48bdcd69545a4ff1255bc82718c157e5b76be909ef2d55ae0381
        name: python3-libsemanage
        evr: 2.9-11.el8_10
        sourcerpm: libsemanage-2.9-11.el8_10.src.rpm
      - url: https://cdn-ubi.redhat.com/content/public/ubi/dist/ubi8/8/x86_64/baseos/os/Packages/p/python3-policycoreutils-2.9-26.el8_10.noarch.rpm
        repoid: ubi-8-for-x86_64-baseos-rpms
        size: 2361536
        checksum: sha256:74830604bec576ec360884a34ffafd4ca9d950f41177e1ae78a9c1445dbc9069
        name: python3-policycoreutils
        evr: 2.9-26.el8_10
        sourcerpm: policycoreutils-2.9-26.el8_10.src.rpm
      - url: https://cdn-ubi.redhat.com/content/public/ubi/dist/ubi8/8/x86_64/baseos/os/Packages/p/python3-setools-4.3.0-5.el8.x86_64.rpm
        repoid: ubi-8-for-x86_64-baseos-rpms
        size: 642232
        checksum: sha256:e862d0fd1b2f24e76f1e7d4032faf58530f3db8931967547c5f42e90d2a97f61
        name: python3-setools
        evr: 4.3.0-5.el8
        sourcerpm: setools-4.3.0-5.el8.src.rpm
      - url: https://cdn-ubi.redhat.com/content/public/ubi/dist/ubi8/8/x86_64/appstream/os/Packages/w/wget-1.19.5-12.el8_10.x86_64.rpm
        repoid: ubi-8-for-x86_64-appstream-rpms
        size: 751872
        checksum: sha256:8d609774711cea9728faf684ff7e9b389f0f3c2052aa04bcf3061950a830058b
        name: wget
        evr: 1.19.5-12.el8_10
        sourcerpm: wget-1.19.5-12.el8_10.src.rpm
      - url: https://cdn-ubi.redhat.com/content/public/ubi/dist/ubi8/8/x86_64/baseos/os/Packages/e/expat-2.2.5-17.el8_10.x86_64.rpm
        repoid: ubi-8-for-x86_64-baseos-rpms
        size: 117960
        checksum: sha256:d01df6f542762d94bd73a87f61d19fb98a6304eb9a2eb114a872a91d3312ea34
        name: expat
        evr: 2.2.5-17.el8_10
        sourcerpm: expat-2.2.5-17.el8_10.src.rpm
      - url: https://cdn-ubi.redhat.com/content/public/ubi/dist/ubi8/8/x86_64/baseos/os/Packages/l/libmetalink-0.1.3-7.el8.x86_64.rpm
        repoid: ubi-8-for-x86_64-baseos-rpms
        size: 32784
        checksum: sha256:cd7c30d21e7240f60f0861c229e17fda43e855ab4c78fab39f47f7ae2be5720e
        name: libmetalink
        evr: 0.1.3-7.el8
        sourcerpm: libmetalink-0.1.3-7.el8.src.rpm
    source:
      - url: https://cdn-ubi.redhat.com/content/public/ubi/dist/ubi8/8/x86_64/appstream/source/SRPMS/Packages/c/clang-18.1.8-1.module+el8.10.0+22061+3612b2ba.src.rpm
        repoid: ubi-8-for-x86_64-appstream-source
        size: 25543057
        checksum: sha256:6ac35cdec541fed15313671f0efe15177c8adc41324f2fb68b21064249d17fd4
        name: clang
        evr: 18.1.8-1.module+el8.10.0+22061+3612b2ba
      - url: https://cdn-ubi.redhat.com/content/public/ubi/dist/ubi8/8/x86_64/appstream/source/SRPMS/Packages/c/cmake-3.26.5-2.el8.src.rpm
        repoid: ubi-8-for-x86_64-appstream-source
        size: 10702209
        checksum: sha256:1f9724337fffb716f890cd5b92d7694c11a98264c8812c02df8224543a819431
        name: cmake
        evr: 3.26.5-2.el8
      - url: https://cdn-ubi.redhat.com/content/public/ubi/dist/ubi8/8/x86_64/appstream/source/SRPMS/Packages/c/compiler-rt-18.1.8-1.module+el8.10.0+22061+3612b2ba.src.rpm
        repoid: ubi-8-for-x86_64-appstream-source
        size: 2495515
        checksum: sha256:c88e0f7d67d8f22c4c4011dbadfaae343efe27738285aa85837db21afee8fb28
        name: compiler-rt
        evr: 18.1.8-1.module+el8.10.0+22061+3612b2ba
      - url: https://cdn-ubi.redhat.com/content/public/ubi/dist/ubi8/8/x86_64/appstream/source/SRPMS/Packages/g/gcc-toolset-13-13.0-2.el8.src.rpm
        repoid: ubi-8-for-x86_64-appstream-source
        size: 14077
        checksum: sha256:0ba9089eacae7ed2797bee95d62a847de76289958b302bd2f2ee45f25003dff8
        name: gcc-toolset-13
        evr: 13.0-2.el8
      - url: https://cdn-ubi.redhat.com/content/public/ubi/dist/ubi8/8/x86_64/appstream/source/SRPMS/Packages/g/gcc-toolset-13-binutils-2.40-21.el8.src.rpm
        repoid: ubi-8-for-x86_64-appstream-source
        size: 25441816
        checksum: sha256:6d4f6ee38973956098e893efa0bb09a0615938507ac502ace05d3f428371c629
        name: gcc-toolset-13-binutils
        evr: 2.40-21.el8
      - url: https://cdn-ubi.redhat.com/content/public/ubi/dist/ubi8/8/x86_64/appstream/source/SRPMS/Packages/g/gcc-toolset-13-gcc-13.3.1-2.2.el8_10.src.rpm
        repoid: ubi-8-for-x86_64-appstream-source
        size: 89347231
        checksum: sha256:0ca3c5e7fba19ba073619994bad0991ecae5443d4a61e8f87b8cae88f39d1f6f
        name: gcc-toolset-13-gcc
        evr: 13.3.1-2.2.el8_10
      - url: https://cdn-ubi.redhat.com/content/public/ubi/dist/ubi8/8/x86_64/appstream/source/SRPMS/Packages/l/libomp-18.1.8-1.module+el8.10.0+22061+3612b2ba.src.rpm
        repoid: ubi-8-for-x86_64-appstream-source
        size: 1341475
        checksum: sha256:c638152e9918b8a9ac1b0ef679955673e02d1d24e3b729d15bcedbb47695c373
        name: libomp
        evr: 18.1.8-1.module+el8.10.0+22061+3612b2ba
      - url: https://cdn-ubi.redhat.com/content/public/ubi/dist/ubi8/8/x86_64/appstream/source/SRPMS/Packages/l/libuv-1.41.1-2.el8_10.src.rpm
        repoid: ubi-8-for-x86_64-appstream-source
        size: 1297972
        checksum: sha256:3a0fd230d7b81712aeec5bf8adf83915f0edf88e03087fde13557bd7fdb4c0bb
        name: libuv
        evr: 1:1.41.1-2.el8_10
      - url: https://cdn-ubi.redhat.com/content/public/ubi/dist/ubi8/8/x86_64/appstream/source/SRPMS/Packages/l/llvm-18.1.8-3.module+el8.10.0+22393+9aa055f1.src.rpm
        repoid: ubi-8-for-x86_64-appstream-source
        size: 62461419
        checksum: sha256:5c8b01298a6b36cfc086ce53f73ff61dc67bf7508a67fb01cb366aeac36df193
        name: llvm
        evr: 18.1.8-3.module+el8.10.0+22393+9aa055f1
      - url: https://cdn-ubi.redhat.com/content/public/ubi/dist/ubi8/8/x86_64/baseos/source/SRPMS/Packages/a/audit-3.1.2-1.el8.src.rpm
        repoid: ubi-8-for-x86_64-baseos-source
        size: 1248664
        checksum: sha256:c1facd2ecc520c758bbe2b049207629ad08914798f63c92beef4790086ad2f29
        name: audit
        evr: 3.1.2-1.el8
      - url: https://cdn-ubi.redhat.com/content/public/ubi/dist/ubi8/8/x86_64/baseos/source/SRPMS/Packages/c/checkpolicy-2.9-1.el8.src.rpm
        repoid: ubi-8-for-x86_64-baseos-source
        size: 114188
        checksum: sha256:f6590dcd337c42e093ec60065239fb8543f7b5b1273a8b8a888eb7c052dccec8
        name: checkpolicy
        evr: 2.9-1.el8
      - url: https://cdn-ubi.redhat.com/content/public/ubi/dist/ubi8/8/x86_64/baseos/source/SRPMS/Packages/e/elfutils-0.190-2.el8.src.rpm
        repoid: ubi-8-for-x86_64-baseos-source
        size: 9288737
        checksum: sha256:54fe49a6fd4f87d6fd594b62c465105fc3efab05a1ffcc216f053c277ab619bf
        name: elfutils
        evr: 0.190-2.el8
      - url: https://cdn-ubi.redhat.com/content/public/ubi/dist/ubi8/8/x86_64/baseos/source/SRPMS/Packages/j/jansson-2.14-1.el8.src.rpm
        repoid: ubi-8-for-x86_64-baseos-source
        size: 449524
        checksum: sha256:a3b39b7d95da87f4c9fdca3907eff2e9fed18dd1bc7f20608f3588e8b3c1361c
        name: jansson
        evr: 2.14-1.el8
      - url: https://cdn-ubi.redhat.com/content/public/ubi/dist/ubi8/8/x86_64/baseos/source/SRPMS/Packages/l/libselinux-2.9-10.el8_10.src.rpm
        repoid: ubi-8-for-x86_64-baseos-source
        size: 355220
        checksum: sha256:2f61feb51798629d4f7b78130e68eb2516463da41d6e7b64d82d28d17355b3f1
        name: libselinux
        evr: 2.9-10.el8_10
      - url: https://cdn-ubi.redhat.com/content/public/ubi/dist/ubi8/8/x86_64/baseos/source/SRPMS/Packages/l/libsemanage-2.9-11.el8_10.src.rpm
        repoid: ubi-8-for-x86_64-baseos-source
        size: 267435
        checksum: sha256:0e9bc0dd2ddcf5e8e8f734b32c7a3c93165060ef5b2f5910713984cea71e349f
        name: libsemanage
        evr: 2.9-11.el8_10
      - url: https://cdn-ubi.redhat.com/content/public/ubi/dist/ubi8/8/x86_64/baseos/source/SRPMS/Packages/p/policycoreutils-2.9-26.el8_10.src.rpm
        repoid: ubi-8-for-x86_64-baseos-source
        size: 7122315
        checksum: sha256:c3fa01ec896e6e30d1a27244a0c0dfab3ea733cfc2c519698899cf1c0dfda03f
        name: policycoreutils
        evr: 2.9-26.el8_10
      - url: https://cdn-ubi.redhat.com/content/public/ubi/dist/ubi8/8/x86_64/baseos/source/SRPMS/Packages/s/setools-4.3.0-5.el8.src.rpm
        repoid: ubi-8-for-x86_64-baseos-source
        size: 417737
        checksum: sha256:ab4e72390988948d173c545803099aa670f5fea2142866fc8f468812bfaefc4d
        name: setools
        evr: 4.3.0-5.el8
      - url: https://cdn-ubi.redhat.com/content/public/ubi/dist/ubi8/8/x86_64/baseos/source/SRPMS/Packages/v/vim-8.0.1763-19.el8_6.4.src.rpm
        repoid: ubi-8-for-x86_64-baseos-source
        size: 11232387
        checksum: sha256:9b1393d7b47fb12bb6761d30372c9a156e5df67f0178f4aedd61375043c63ff1
        name: vim
        evr: 2:8.0.1763-19.el8_6.4
      - url: https://cdn-ubi.redhat.com/content/public/ubi/dist/ubi8/8/x86_64/appstream/source/SRPMS/Packages/w/wget-1.19.5-12.el8_10.src.rpm
        repoid: ubi-8-for-x86_64-appstream-source
        size: 4509413
        checksum: sha256:b3c6e7b600190a3ce40ed32e0e07be91c7bc4b0f2aa32b04f341fc7dbd0588ed
        name: wget
        evr: 1.19.5-12.el8_10
      - url: https://cdn-ubi.redhat.com/content/public/ubi/dist/ubi8/8/x86_64/baseos/source/SRPMS/Packages/e/expat-2.2.5-17.el8_10.src.rpm
        repoid: ubi-8-for-x86_64-baseos-source
        size: 8345318
        checksum: sha256:41de03fcbf3a8f7fa42e7017058ae0186e98a0e448ce01772de7af0a856a749d
        name: expat
        evr: 2.2.5-17.el8_10
      - url: https://cdn-ubi.redhat.com/content/public/ubi/dist/ubi8/8/x86_64/baseos/source/SRPMS/Packages/l/libmetalink-0.1.3-7.el8.src.rpm
        repoid: ubi-8-for-x86_64-baseos-source
        size: 341114
        checksum: sha256:0b7d6621be7e6d0ef0c16cb2dc371d59aa593264841c43fba55826103972852d
        name: libmetalink
        evr: 0.1.3-7.el8
    module_metadata:
      - url: https://cdn-ubi.redhat.com/content/public/ubi/dist/ubi8/8/x86_64/appstream/os/repodata/ba7d81a6d8626b2ddbcb713e7498beb387ecbc1e5061e3f765f282bed6d3603c-modules.yaml.gz
        repoid: ubi-8-for-x86_64-appstream-rpms
        size: 60309
        checksum: sha256:ba7d81a6d8626b2ddbcb713e7498beb387ecbc1e5061e3f765f282bed6d3603c
